
Microsoft Visual Studio Solution File, Format Version 12.00
# Visual Studio Version 16
VisualStudioVersion = 16.0.31624.102
MinimumVisualStudioVersion = 10.0.40219.1
Project("{FAE04EC0-301F-11D3-BF4B-00C04F79EFBC}") = "Example2", "Example2\Example2.csproj", "{8F5C27CA-C4B9-4183-8C1F-936B22F56FE3}"
EndProject
Global
	GlobalSection(SolutionConfigurationPlatforms) = preSolution
		Debug|Any CPU = Debug|Any CPU
		Release|Any CPU = Release|Any CPU
	EndGlobalSection
	GlobalSection(ProjectConfigurationPlatforms) = postSolution
		{8F5C27CA-C4B9-4183-8C1F-936B22F56FE3}.Debug|Any CPU.ActiveCfg = Debug|Any CPU
		{8F5C27CA-C4B9-4183-8C1F-936B22F56FE3}.Debug|Any CPU.Build.0 = Debug|Any CPU
		{8F5C27CA-C4B9-4183-8C1F-936B22F56FE3}.Release|Any CPU.ActiveCfg = Release|Any CPU
		{8F5C27CA-C4B9-4183-8C1F-936B22F56FE3}.Release|Any CPU.Build.0 = Release|Any CPU
	EndGlobalSection
	GlobalSection(SolutionProperties) = preSolution
		HideSolutionNode = FALSE
	EndGlobalSection
	GlobalSection(ExtensibilityGlobals) = postSolution
		SolutionGuid = {B9206C2A-5B3C-42BB-936A-3A1342EC0906}
	EndGlobalSection
EndGlobal
